{
  "projects": [
    {
      "projectId": "84wxoth5npGrp6RRXPL88z",
      "version": "4.0.1",
      "dependencies": {},
      "lang": "ts",
      "fileLocks": [
        {
          "assetId": "84wxoth5npGrp6RRXPL88z",
          "type": "projectCss",
          "checksum": "f64d76ff14052e72c6e821e8703dc7db"
        },
        {
          "assetId": "84wxoth5npGrp6RRXPL88z",
          "checksum": "b2ce5fdf753761f5713b1026b9e65539",
          "type": "globalContexts"
        }
      ],
      "codegenVersion": "0.0.1"
    },
    {
      "projectId": "58GpZjZCWTaJ8AUhpCwt2K",
      "version": "2.1.2",
      "dependencies": {},
      "lang": "ts",
      "fileLocks": [
        {
          "assetId": "58GpZjZCWTaJ8AUhpCwt2K",
          "type": "projectCss",
          "checksum": "b27497b6e230101d0406d7c74a2c950a"
        }
      ],
      "codegenVersion": "0.0.1"
    },
    {
      "projectId": "caTPwKxj5ZrD9LQ7DMdK4Z",
      "version": "2.2.1",
      "dependencies": {},
      "lang": "ts",
      "fileLocks": [
        {
          "type": "globalVariant",
          "assetId": "q2e6W8ulGYz",
          "checksum": "72ff83fd194742c0711e7656ed1793e3"
        },
        {
          "assetId": "caTPwKxj5ZrD9LQ7DMdK4Z",
          "type": "projectCss",
          "checksum": "748c2db198285121f5dad63414f1fabb"
        }
      ],
      "codegenVersion": "0.0.1"
    },
    {
      "projectId": "enk3K4vZ6pmH6kVCoZJXGn",
      "version": "3.0.2",
      "dependencies": {},
      "lang": "ts",
      "fileLocks": [
        {
          "assetId": "enk3K4vZ6pmH6kVCoZJXGn",
          "type": "projectCss",
          "checksum": "8c26337f6a53fe97ebfb9ce7222d9b9b"
        }
      ],
      "codegenVersion": "0.0.1"
    },
    {
      "projectId": "seaQhLVS4bbjiGvJJrRwyL",
      "version": "15.1.2",
      "dependencies": {},
      "lang": "ts",
      "fileLocks": [
        {
          "assetId": "seaQhLVS4bbjiGvJJrRwyL",
          "type": "projectCss",
          "checksum": "44e869f06ca57ca29203cf96142716a6"
        }
      ],
      "codegenVersion": "0.0.1"
    },
    {
      "projectId": "aTC3q87SvYM316XzoAz9a2",
      "version": "latest",
      "dependencies": {
        "seaQhLVS4bbjiGvJJrRwyL": "15.1.2",
        "enk3K4vZ6pmH6kVCoZJXGn": "3.0.2",
        "caTPwKxj5ZrD9LQ7DMdK4Z": "2.2.1",
        "58GpZjZCWTaJ8AUhpCwt2K": "2.1.2",
        "84wxoth5npGrp6RRXPL88z": "4.0.1"
      },
      "lang": "ts",
      "fileLocks": [
        {
          "type": "globalVariant",
          "assetId": "2mnWPdLissBD6Z",
          "checksum": "7556edfcfd058bcf482dbf191b3c687b"
        },
        {
          "assetId": "aTC3q87SvYM316XzoAz9a2",
          "checksum": "0749cafb35ebc1d8d6789e1fd775fbe9",
          "type": "globalContexts"
        },
        {
          "type": "renderModule",
          "assetId": "Mhwh6njE_0YZW",
          "checksum": "0888842230392e6546e98cc6f7e5cccd"
        },
        {
          "type": "cssRules",
          "assetId": "Mhwh6njE_0YZW",
          "checksum": "0888842230392e6546e98cc6f7e5cccd"
        },
        {
          "type": "renderModule",
          "assetId": "_kHfDEU-UWaNNn",
          "checksum": "a4ba7849314c96c26cc5f56bcf00637a"
        },
        {
          "type": "cssRules",
          "assetId": "_kHfDEU-UWaNNn",
          "checksum": "a4ba7849314c96c26cc5f56bcf00637a"
        },
        {
          "type": "renderModule",
          "assetId": "Yh3OL_UqnMDQoH",
          "checksum": "1c3d6ba22963566135f36e4694f54a60"
        },
        {
          "type": "cssRules",
          "assetId": "Yh3OL_UqnMDQoH",
          "checksum": "1c3d6ba22963566135f36e4694f54a60"
        },
        {
          "type": "renderModule",
          "assetId": "sB96ncPIhKz5sJ",
          "checksum": "14a0eb9f40c268fd9b959b9d2251bfcb"
        },
        {
          "type": "cssRules",
          "assetId": "sB96ncPIhKz5sJ",
          "checksum": "14a0eb9f40c268fd9b959b9d2251bfcb"
        },
        {
          "type": "renderModule",
          "assetId": "cDQxsDRfT9gIBv",
          "checksum": "65d63c4feec87c2170f5d92632e75aac"
        },
        {
          "type": "cssRules",
          "assetId": "cDQxsDRfT9gIBv",
          "checksum": "65d63c4feec87c2170f5d92632e75aac"
        },
        {
          "type": "renderModule",
          "assetId": "n7nKKkrE_Z7brU",
          "checksum": "49a8c15cec21b8968b24d73d0da52d79"
        },
        {
          "type": "cssRules",
          "assetId": "n7nKKkrE_Z7brU",
          "checksum": "49a8c15cec21b8968b24d73d0da52d79"
        },
        {
          "type": "renderModule",
          "assetId": "TgzPqT9E_wfNat",
          "checksum": "51f7d058d0e1558ec6722b98375e7f37"
        },
        {
          "type": "cssRules",
          "assetId": "TgzPqT9E_wfNat",
          "checksum": "51f7d058d0e1558ec6722b98375e7f37"
        },
        {
          "type": "renderModule",
          "assetId": "RZicgXn9AMWCmH",
          "checksum": "3f896277255fad0cc6ab7264e987499e"
        },
        {
          "type": "cssRules",
          "assetId": "RZicgXn9AMWCmH",
          "checksum": "3f896277255fad0cc6ab7264e987499e"
        },
        {
          "type": "renderModule",
          "assetId": "wOD-nHMwc8Vx9X",
          "checksum": "ee790b617de96b53d662cd305afbcd41"
        },
        {
          "type": "cssRules",
          "assetId": "wOD-nHMwc8Vx9X",
          "checksum": "ee790b617de96b53d662cd305afbcd41"
        },
        {
          "type": "renderModule",
          "assetId": "T4jGAKcf3m1n9_",
          "checksum": "90015c59d7c9e3e78fc19cfd57bee607"
        },
        {
          "type": "cssRules",
          "assetId": "T4jGAKcf3m1n9_",
          "checksum": "90015c59d7c9e3e78fc19cfd57bee607"
        },
        {
          "type": "renderModule",
          "assetId": "ETAOH7p_7mlqGf",
          "checksum": "1ed42818e424f6bff8c388d16c076ce9"
        },
        {
          "type": "cssRules",
          "assetId": "ETAOH7p_7mlqGf",
          "checksum": "1ed42818e424f6bff8c388d16c076ce9"
        },
        {
          "type": "renderModule",
          "assetId": "cIkoEMOcD1nuZU",
          "checksum": "5bbbf1483cb4947ccfbd3fe2ca3513c2"
        },
        {
          "type": "cssRules",
          "assetId": "cIkoEMOcD1nuZU",
          "checksum": "5bbbf1483cb4947ccfbd3fe2ca3513c2"
        },
        {
          "type": "renderModule",
          "assetId": "xY0UFPROmDHytA",
          "checksum": "7f76d91aec6dac1ca9d286c02debe052"
        },
        {
          "type": "cssRules",
          "assetId": "xY0UFPROmDHytA",
          "checksum": "7f76d91aec6dac1ca9d286c02debe052"
        },
        {
          "type": "renderModule",
          "assetId": "wE-90FUopHx0Mv",
          "checksum": "78ca2cd166fe13404699be27ed2c28a1"
        },
        {
          "type": "cssRules",
          "assetId": "wE-90FUopHx0Mv",
          "checksum": "78ca2cd166fe13404699be27ed2c28a1"
        },
        {
          "type": "renderModule",
          "assetId": "Dm_4qJAK1AxCbj",
          "checksum": "0f9fe68953bda6fd783bd723084ddb14"
        },
        {
          "type": "cssRules",
          "assetId": "Dm_4qJAK1AxCbj",
          "checksum": "0f9fe68953bda6fd783bd723084ddb14"
        },
        {
          "type": "renderModule",
          "assetId": "sdnKnX5vOOj8jX",
          "checksum": "d8b9a84b330897639ab31f5c15152fe0"
        },
        {
          "type": "cssRules",
          "assetId": "sdnKnX5vOOj8jX",
          "checksum": "d8b9a84b330897639ab31f5c15152fe0"
        },
        {
          "type": "renderModule",
          "assetId": "DgZbZxuBuLEcGV",
          "checksum": "99692aa34dc66826773b83ffcbc9f8da"
        },
        {
          "type": "cssRules",
          "assetId": "DgZbZxuBuLEcGV",
          "checksum": "99692aa34dc66826773b83ffcbc9f8da"
        },
        {
          "type": "renderModule",
          "assetId": "IvwpEZjwZnuNA5",
          "checksum": "c6259e0026f3f348f77a4e7360e47d35"
        },
        {
          "type": "cssRules",
          "assetId": "IvwpEZjwZnuNA5",
          "checksum": "c6259e0026f3f348f77a4e7360e47d35"
        },
        {
          "type": "renderModule",
          "assetId": "tCj7FRv5uDKnOP",
          "checksum": "d9a3ab1fa48ade9e7318b167c537312b"
        },
        {
          "type": "cssRules",
          "assetId": "tCj7FRv5uDKnOP",
          "checksum": "d9a3ab1fa48ade9e7318b167c537312b"
        },
        {
          "type": "renderModule",
          "assetId": "cWQZjjqWMz8qhd",
          "checksum": "b8239c16ad5531a3a93eef74697be204"
        },
        {
          "type": "cssRules",
          "assetId": "cWQZjjqWMz8qhd",
          "checksum": "b8239c16ad5531a3a93eef74697be204"
        },
        {
          "type": "renderModule",
          "assetId": "xB9fdsaMfPKj5N",
          "checksum": "edb1dacbc158a3c8c09b9434c405c7c1"
        },
        {
          "type": "cssRules",
          "assetId": "xB9fdsaMfPKj5N",
          "checksum": "edb1dacbc158a3c8c09b9434c405c7c1"
        },
        {
          "type": "renderModule",
          "assetId": "_LuZ-s6MMXmDkK",
          "checksum": "65f0e5556bfe73d63d01846d29c8d615"
        },
        {
          "type": "cssRules",
          "assetId": "_LuZ-s6MMXmDkK",
          "checksum": "65f0e5556bfe73d63d01846d29c8d615"
        },
        {
          "type": "renderModule",
          "assetId": "nHdjbLpYYfejjx",
          "checksum": "f004702b7699179ce5d58fda33d028b5"
        },
        {
          "type": "cssRules",
          "assetId": "nHdjbLpYYfejjx",
          "checksum": "f004702b7699179ce5d58fda33d028b5"
        },
        {
          "type": "renderModule",
          "assetId": "f2eb7w6yJRNUff",
          "checksum": "f116e7b5539f4b610bee3dda8aecde80"
        },
        {
          "type": "cssRules",
          "assetId": "f2eb7w6yJRNUff",
          "checksum": "f116e7b5539f4b610bee3dda8aecde80"
        },
        {
          "type": "renderModule",
          "assetId": "2tkIosH07OTS4f",
          "checksum": "c4b8e1bfa711c8d8d946fd2f4e93d9e7"
        },
        {
          "type": "cssRules",
          "assetId": "2tkIosH07OTS4f",
          "checksum": "c4b8e1bfa711c8d8d946fd2f4e93d9e7"
        },
        {
          "type": "renderModule",
          "assetId": "AX7cN2VvEn3V5j",
          "checksum": "a441542818343fdf56e65c583315bb0f"
        },
        {
          "type": "cssRules",
          "assetId": "AX7cN2VvEn3V5j",
          "checksum": "a441542818343fdf56e65c583315bb0f"
        },
        {
          "type": "renderModule",
          "assetId": "OMhvBSE1ZfsHJe",
          "checksum": "a1c6928a88b5c88e67051ffdd42f3ee9"
        },
        {
          "type": "cssRules",
          "assetId": "OMhvBSE1ZfsHJe",
          "checksum": "a1c6928a88b5c88e67051ffdd42f3ee9"
        },
        {
          "type": "renderModule",
          "assetId": "BsziMr1ly795y2",
          "checksum": "5d3bef36aafc7804f5aaaa6c2e513184"
        },
        {
          "type": "cssRules",
          "assetId": "BsziMr1ly795y2",
          "checksum": "5d3bef36aafc7804f5aaaa6c2e513184"
        },
        {
          "type": "renderModule",
          "assetId": "u5rH4aOzW6oKnN",
          "checksum": "eb0930068eaef14b1161730c05f7609e"
        },
        {
          "type": "cssRules",
          "assetId": "u5rH4aOzW6oKnN",
          "checksum": "eb0930068eaef14b1161730c05f7609e"
        },
        {
          "type": "renderModule",
          "assetId": "DFXZXc106C2oUi",
          "checksum": "79bbc3c7f743a0aeee7669ed99e36366"
        },
        {
          "type": "cssRules",
          "assetId": "DFXZXc106C2oUi",
          "checksum": "79bbc3c7f743a0aeee7669ed99e36366"
        },
        {
          "type": "renderModule",
          "assetId": "jng7K5QYyktx8s",
          "checksum": "eb33a07d1a77263dd96422fbaa38b4e7"
        },
        {
          "type": "cssRules",
          "assetId": "jng7K5QYyktx8s",
          "checksum": "eb33a07d1a77263dd96422fbaa38b4e7"
        },
        {
          "type": "renderModule",
          "assetId": "oorXTprwULV9C_",
          "checksum": "44677f42e6385633f0b6db23235c8e1e"
        },
        {
          "type": "cssRules",
          "assetId": "oorXTprwULV9C_",
          "checksum": "44677f42e6385633f0b6db23235c8e1e"
        },
        {
          "type": "renderModule",
          "assetId": "7itGgqzU48c2hh",
          "checksum": "8702b3faea32ba71fbe5f9c1f23cad72"
        },
        {
          "type": "cssRules",
          "assetId": "7itGgqzU48c2hh",
          "checksum": "8702b3faea32ba71fbe5f9c1f23cad72"
        },
        {
          "type": "renderModule",
          "assetId": "wpz2wYQl0iPowW",
          "checksum": "6f1e9f2834381fed6884ab7479ee3915"
        },
        {
          "type": "cssRules",
          "assetId": "wpz2wYQl0iPowW",
          "checksum": "6f1e9f2834381fed6884ab7479ee3915"
        },
        {
          "type": "renderModule",
          "assetId": "Y-awWz-UcenXL0",
          "checksum": "93e5edeaa3aee352ec76fdba6eb6d2df"
        },
        {
          "type": "cssRules",
          "assetId": "Y-awWz-UcenXL0",
          "checksum": "93e5edeaa3aee352ec76fdba6eb6d2df"
        },
        {
          "type": "renderModule",
          "assetId": "KWLt0Ypx6GRqq",
          "checksum": "a42d432198385f675116bef7e3f31b9d"
        },
        {
          "type": "cssRules",
          "assetId": "KWLt0Ypx6GRqq",
          "checksum": "a42d432198385f675116bef7e3f31b9d"
        },
        {
          "type": "renderModule",
          "assetId": "UWtsbT3GQ3dWN",
          "checksum": "30a22f69a3d922c8f0259551c93f8e8e"
        },
        {
          "type": "cssRules",
          "assetId": "UWtsbT3GQ3dWN",
          "checksum": "30a22f69a3d922c8f0259551c93f8e8e"
        },
        {
          "type": "renderModule",
          "assetId": "cXrVVTXrtlTwrL",
          "checksum": "c44fdb6795b9b3b27a728abd57756776"
        },
        {
          "type": "cssRules",
          "assetId": "cXrVVTXrtlTwrL",
          "checksum": "c44fdb6795b9b3b27a728abd57756776"
        },
        {
          "type": "renderModule",
          "assetId": "oI9EG3FGXR8uY6",
          "checksum": "9302ca03e9b0f9847b96cee62e9def96"
        },
        {
          "type": "cssRules",
          "assetId": "oI9EG3FGXR8uY6",
          "checksum": "9302ca03e9b0f9847b96cee62e9def96"
        },
        {
          "type": "renderModule",
          "assetId": "PQeOzEAvC5ULfO",
          "checksum": "c9d71d3327151d1d5b3d02b96de17bec"
        },
        {
          "type": "cssRules",
          "assetId": "PQeOzEAvC5ULfO",
          "checksum": "c9d71d3327151d1d5b3d02b96de17bec"
        },
        {
          "type": "renderModule",
          "assetId": "HFgbIH1TlGDqnl",
          "checksum": "7703f1ef44f05ccf1a3b5fcb34e51259"
        },
        {
          "type": "cssRules",
          "assetId": "HFgbIH1TlGDqnl",
          "checksum": "7703f1ef44f05ccf1a3b5fcb34e51259"
        },
        {
          "type": "renderModule",
          "assetId": "5AUZ68okCZv98v",
          "checksum": "6a77d9614cc3322cedde46af1cd2786e"
        },
        {
          "type": "cssRules",
          "assetId": "5AUZ68okCZv98v",
          "checksum": "6a77d9614cc3322cedde46af1cd2786e"
        },
        {
          "type": "renderModule",
          "assetId": "Ct6Rh1SZhEvlvP",
          "checksum": "4599489395c1638a771853df14467967"
        },
        {
          "type": "cssRules",
          "assetId": "Ct6Rh1SZhEvlvP",
          "checksum": "4599489395c1638a771853df14467967"
        },
        {
          "type": "renderModule",
          "assetId": "3XIvOtnljeGd-M",
          "checksum": "910c497224f80858009142a976c6f001"
        },
        {
          "type": "cssRules",
          "assetId": "3XIvOtnljeGd-M",
          "checksum": "910c497224f80858009142a976c6f001"
        },
        {
          "type": "renderModule",
          "assetId": "kqP0OxG_Jw8JrX",
          "checksum": "da11a14d6a91067dbbd683f9b5c86c0c"
        },
        {
          "type": "cssRules",
          "assetId": "kqP0OxG_Jw8JrX",
          "checksum": "da11a14d6a91067dbbd683f9b5c86c0c"
        },
        {
          "type": "renderModule",
          "assetId": "GzMcDoZ6HYkrTZ",
          "checksum": "d4f52352d082c64e5c88ce586d4a5430"
        },
        {
          "type": "cssRules",
          "assetId": "GzMcDoZ6HYkrTZ",
          "checksum": "d4f52352d082c64e5c88ce586d4a5430"
        },
        {
          "type": "icon",
          "assetId": "3B5pxrnVxk-ZUY",
          "checksum": "34b7b0fa3f1a0e2b494dedea4e9f465c"
        },
        {
          "type": "icon",
          "assetId": "dQFXksQnvh_dX1",
          "checksum": "d6040ffa980072bd6f0b86ed633fe394"
        },
        {
          "type": "icon",
          "assetId": "o2-hdcx6fRhpYC",
          "checksum": "ac80b7663b633eae9304bb0d2cce5cd6"
        },
        {
          "type": "icon",
          "assetId": "mnqVzLBy6ide8r",
          "checksum": "8a5da9cf9cf8fbc642df3eca5b1116f8"
        },
        {
          "type": "icon",
          "assetId": "qrqCHWq7Cs5_QA",
          "checksum": "8374bf5296e1929bdfaa5df4bcc4b552"
        },
        {
          "type": "icon",
          "assetId": "XTkp8IcnsrPIhU",
          "checksum": "d1a859ff142a84f15f6ace6ac5419a54"
        },
        {
          "type": "icon",
          "assetId": "z9lFrPVzngCt3_",
          "checksum": "3a87f216e811ac80b9137724654b4211"
        },
        {
          "type": "icon",
          "assetId": "TITdVVbg6DA9uE",
          "checksum": "f6bc7b8ea20ab447a0fcc4008e0ffe12"
        },
        {
          "type": "icon",
          "assetId": "hDULe3Rv0s35IQ",
          "checksum": "aca2a3ff93d46ffe63966401b8338439"
        },
        {
          "type": "icon",
          "assetId": "vmCK544ZPyk_gQ",
          "checksum": "ee5b4a52d6ea3bddd8fcf3aea2ea0f58"
        },
        {
          "type": "icon",
          "assetId": "Mr5jMO9wXQg7SA",
          "checksum": "a4f6455ec2d8227b8e84a5f83831868d"
        },
        {
          "type": "icon",
          "assetId": "50NSLDl-jMDbDx",
          "checksum": "a99b8ddbd48df271f722add822915a2e"
        },
        {
          "type": "icon",
          "assetId": "5l_rc4XA0uvVrj",
          "checksum": "51c3f865ff98b5beb42cf0f4be9e8c61"
        },
        {
          "type": "icon",
          "assetId": "c3HDbynN_U7s9x",
          "checksum": "49c09bf53f7178322a24064b92c2d57a"
        },
        {
          "type": "icon",
          "assetId": "GXIV9bXJ9jARqK",
          "checksum": "531126a1f75aed63cf44751e60b17529"
        },
        {
          "type": "icon",
          "assetId": "VBpn1nG1piL2pi",
          "checksum": "322fc2e20b93712a409a6206bc796a7f"
        },
        {
          "type": "icon",
          "assetId": "JAIAN0PAdAovDR",
          "checksum": "9529efa7998be4f047f56faa0792cf49"
        },
        {
          "type": "icon",
          "assetId": "QiCke66j-g5NtU",
          "checksum": "145ec4c6b224d38c6cdda826d07bd7e3"
        },
        {
          "type": "icon",
          "assetId": "4m3SDQBsjjDkKR",
          "checksum": "a7604faaf6e660e8797e56be7454c9ba"
        },
        {
          "type": "icon",
          "assetId": "LTzzWEDlK27LZz",
          "checksum": "82c83801ecc73a15045c80688db03efa"
        },
        {
          "type": "icon",
          "assetId": "z4fKQ2fAaf7QQq",
          "checksum": "2d17ee49b2a4d5fc8307582b4a520b45"
        },
        {
          "type": "icon",
          "assetId": "7oqNqc8aOmb7Uy",
          "checksum": "f84932101ed8f8e90e535eb52302cd7c"
        },
        {
          "type": "image",
          "assetId": "8_wddEuaFyXOIB",
          "checksum": "429f2f2aeefbbc3f31dd20192de89726"
        },
        {
          "type": "image",
          "assetId": "VEsKklP00C3wyJ",
          "checksum": "2a3f9e76d095eebc687ee2f94c4bdf0e"
        },
        {
          "type": "image",
          "assetId": "SYsgplQ2xcKWib",
          "checksum": "147b635ca19591539d50fdc40d819c69"
        },
        {
          "type": "image",
          "assetId": "QUAQbSNR1v25sD",
          "checksum": "35a5ac86823f76430842b4d399460ee7"
        },
        {
          "type": "image",
          "assetId": "drQK7Lwt539id9",
          "checksum": "8480a78c95c0f9f9fbb7216c87052132"
        },
        {
          "type": "image",
          "assetId": "p53sOl4DgZbFPv",
          "checksum": "40871049adfcd5576a483ba42a4d03ff"
        },
        {
          "type": "image",
          "assetId": "Jx6CG_HAaDPXd2",
          "checksum": "f088487bddbb0f0322ca2a645c8dd6a1"
        },
        {
          "type": "image",
          "assetId": "8tcSmY8I_xgrg7",
          "checksum": "0a2ca9b67a34652ea5da9f2a3283c0dc"
        },
        {
          "type": "image",
          "assetId": "iUTUjlS3Obd8tK",
          "checksum": "abd3588bd4a06d00e068dbc401468fe7"
        },
        {
          "type": "image",
          "assetId": "FKCL4AtokL02pd",
          "checksum": "44725675092840ac55c19f4dec14a286"
        },
        {
          "type": "image",
          "assetId": "nJbwJYe2BzV_hJ",
          "checksum": "3e9db4ece7005b419d3fb010d54afd39"
        },
        {
          "type": "image",
          "assetId": "11HT_FFJ_AOu4A",
          "checksum": "22a24225398ad21ddae85183e3de41ab"
        },
        {
          "type": "image",
          "assetId": "RaXJr4lW9pey2X",
          "checksum": "5fca3399308e911cf408cf83f731d2b3"
        },
        {
          "type": "image",
          "assetId": "tjEtLj7m20mh3X",
          "checksum": "a529cdb646bbaeb6b0feff913c33225e"
        },
        {
          "type": "image",
          "assetId": "KRNgq8PJ_cSvtZ",
          "checksum": "d762717520f6b1fdcb66f67b414a29d8"
        },
        {
          "type": "image",
          "assetId": "alz4s1dAqUGx5F",
          "checksum": "5d523aa13144462be1f317c65a45a72d"
        },
        {
          "type": "image",
          "assetId": "ISrsgyn0ayt_Ev",
          "checksum": "a8ffb615a7e968eb575de6e99181534f"
        },
        {
          "type": "image",
          "assetId": "d9QLCCA-WqCZTx",
          "checksum": "98917f05598ee72037831c6149dba979"
        },
        {
          "type": "image",
          "assetId": "_lyPImX3Ahxt3i",
          "checksum": "5ffb8ed1569e93655ffb305d0030619d"
        },
        {
          "type": "image",
          "assetId": "6eEsNu-kZ1aJCA",
          "checksum": "9209ccddeae6085b52aa31b9d2b66c6d"
        },
        {
          "type": "image",
          "assetId": "pV-AbN89vb8ncj",
          "checksum": "6680c2a240d3f20b4b3e80df55288cb7"
        },
        {
          "type": "image",
          "assetId": "7Yvi2ntcNThO4s",
          "checksum": "de506f4bc2f4a8a08984c73fdeed911c"
        },
        {
          "type": "image",
          "assetId": "a6mbYXyBzsFWcJ",
          "checksum": "1451d3f65344b0e8b3c4054a417c1a04"
        },
        {
          "type": "image",
          "assetId": "18Bs5sIkuZ4b3S",
          "checksum": "d74019f97a6f8cba9461acc08dad4745"
        },
        {
          "type": "image",
          "assetId": "GUJjomYW7eSXzM",
          "checksum": "1a3018a9cb38dd019da8fee8c2b74d83"
        },
        {
          "type": "image",
          "assetId": "2tziuK4vK2cgYF",
          "checksum": "f6bb475b22f302be43ff7b0d24c56dc9"
        },
        {
          "type": "image",
          "assetId": "BVVqFOd5XrpDOd",
          "checksum": "ada4e609cf2ac934c2d20d3f583c4861"
        },
        {
          "type": "image",
          "assetId": "U2H44RF0yejfKX",
          "checksum": "ca3c4a3cff5cb0af451e3156e9377faa"
        },
        {
          "type": "image",
          "assetId": "5Q21_ElMPoHaz9",
          "checksum": "06d787c3a212afce45f7f35edc2c3d94"
        },
        {
          "type": "image",
          "assetId": "QklIYzjlPhDvKy",
          "checksum": "fc33d285c4ec0ad4dd6f5eaf336e0895"
        },
        {
          "type": "image",
          "assetId": "YDWJBGptZOS8MY",
          "checksum": "fb6b754434ec51ea41a55dcfea458549"
        },
        {
          "type": "image",
          "assetId": "2pZMwWQEsrql2p",
          "checksum": "e0cecfaee2127b4fc1b12b59062a4eb6"
        },
        {
          "type": "image",
          "assetId": "6PvP4ghiLY0GmJ",
          "checksum": "ae9b3c8c3250a51a39641918bfef34a7"
        },
        {
          "type": "image",
          "assetId": "cV-XFKJV6eEtJ9",
          "checksum": "b5ff2c37cc9ce0a6b013b96e820772f4"
        },
        {
          "type": "image",
          "assetId": "2ZrTeCm5ry9PNC",
          "checksum": "366116de62355359354487b27539b833"
        },
        {
          "type": "image",
          "assetId": "nKryK7jNvLzEjk",
          "checksum": "708f03f143697dbc77b845b684057104"
        },
        {
          "type": "image",
          "assetId": "xVAy7eimMkou-8",
          "checksum": "80c28f52f2b0e7f97164d9e473541f04"
        },
        {
          "type": "image",
          "assetId": "r28vFeXhoyU30Y",
          "checksum": "c3252955d10fbf7b5ad2f05cd88bcf96"
        },
        {
          "type": "image",
          "assetId": "GypXxRQVJFXCYv",
          "checksum": "d09eea7a38b54d68357ecfd0ad62326a"
        },
        {
          "type": "image",
          "assetId": "BJoBn5u4OqGgXM",
          "checksum": "6fc7f1323b8a62cb83693c6cbac684bd"
        },
        {
          "type": "image",
          "assetId": "NY-RImxAct2QfO",
          "checksum": "f90ee1da31560cd4416cbb7e00f71cb9"
        },
        {
          "type": "image",
          "assetId": "-PpFWmh2zvIa5P",
          "checksum": "fa307601549881ccf4369ce1cdafddb0"
        },
        {
          "type": "image",
          "assetId": "FvcqQ-02FHJQtf",
          "checksum": "065946b6a5c342b67f41b3f5f0a10b3b"
        },
        {
          "type": "image",
          "assetId": "-or-c3CGYgdbBw",
          "checksum": "310d3c7b8207ac6b1b6ffdd77a7424d7"
        },
        {
          "type": "image",
          "assetId": "AQPOMZwb7SV93Q",
          "checksum": "26a9337697c2804a5525842b24ff0f55"
        },
        {
          "type": "image",
          "assetId": "YtHTQp6cW4isCc",
          "checksum": "fbcc47e6860d95e66d897e2b53ce7a8e"
        },
        {
          "type": "image",
          "assetId": "2oU5Hvr14__T02",
          "checksum": "9a6c887f9b65eb5a77606d9698f3495b"
        },
        {
          "type": "image",
          "assetId": "XgO4RXO-FnFgCx",
          "checksum": "fd04d33fa42f285c23159511b1c3eccd"
        },
        {
          "type": "image",
          "assetId": "FgpoWlXXqm_mk5",
          "checksum": "7624c3f3aff964b3213a45007e1d9d8c"
        },
        {
          "type": "image",
          "assetId": "FSL8XSJFgAckYl",
          "checksum": "9d8d1ed16905ad8aac4029bf444a7a36"
        },
        {
          "type": "image",
          "assetId": "OGFAcvWW6Wn7le",
          "checksum": "33a1ad33ba3c006302a3842c32c769d6"
        },
        {
          "type": "image",
          "assetId": "Mve3USbvRNnwKe",
          "checksum": "1ad3e194346a0cb610ce3cebe3f54bb7"
        },
        {
          "type": "image",
          "assetId": "W2NO5Tr_41rtgJ",
          "checksum": "f2a6d63ea39480ff872ebaa59aeaaedc"
        },
        {
          "type": "image",
          "assetId": "URNOuft3Hs99PP",
          "checksum": "c44b3320b4db2a2803e83a691ff79531"
        },
        {
          "type": "image",
          "assetId": "k1Si6GD5QQzMLH",
          "checksum": "f4779c03bef9b1e781070a6584665d7b"
        },
        {
          "type": "image",
          "assetId": "E6p88ofrno8wbw",
          "checksum": "68777e8c1c0a03bfc35091394e3e3c06"
        },
        {
          "type": "image",
          "assetId": "2YqgDODrHNlWRJ",
          "checksum": "c6f707c8633325c8d57166ac0d933dbb"
        },
        {
          "type": "image",
          "assetId": "diXNngvEEmVciu",
          "checksum": "a95f0a2715ec544a1075e94e33a2c923"
        },
        {
          "type": "image",
          "assetId": "XzUsAYxDsKWBCh",
          "checksum": "967fa9cc8b318be78bb429c63df60f48"
        },
        {
          "type": "image",
          "assetId": "Qytj0K02t-TMBZ",
          "checksum": "84f2f65c7249a60f83ec2baa82326dfc"
        },
        {
          "type": "image",
          "assetId": "JS9vYdSdpnW6_c",
          "checksum": "4a0c6e1bfef3398ba74211e35736a607"
        },
        {
          "type": "image",
          "assetId": "HreoCZjGJBKFMr",
          "checksum": "d3ae5a19e1148215aaa8c3bc681d759b"
        },
        {
          "type": "image",
          "assetId": "Ngp_BBVU_SaNXo",
          "checksum": "8698f50ae50fb11520a3a9d531723b91"
        },
        {
          "type": "image",
          "assetId": "GFI7drCOQ5z25S",
          "checksum": "05ee87bc27b2a5acc332bdbf4056cf42"
        },
        {
          "type": "image",
          "assetId": "iLRBrTnnuYwFiy",
          "checksum": "89378c9a0be94d2898c0177b61ac031f"
        },
        {
          "type": "image",
          "assetId": "vcQWFAVMnv6SQd",
          "checksum": "a696390860373ed5c0700f77f4b83134"
        },
        {
          "type": "image",
          "assetId": "8XrzrfcZnxK-5x",
          "checksum": "15daf2dedfb72d8f03a90dbe2750b5c9"
        },
        {
          "type": "image",
          "assetId": "et64qkk12A7egK",
          "checksum": "d5d0f36e04a8d829e7498f04c6dc0ac1"
        },
        {
          "type": "image",
          "assetId": "VTfWzOhJ8OV8KW",
          "checksum": "6a9098b4d8530bc91580aeb173e03d03"
        },
        {
          "type": "image",
          "assetId": "7yPYVZwK6Qt2g6",
          "checksum": "dce437e19d4fdaed748df7bb358ffb85"
        },
        {
          "type": "image",
          "assetId": "6CLuoWqV8EtHYh",
          "checksum": "56661380849874b0b14bf78656fcb974"
        },
        {
          "type": "image",
          "assetId": "MhcQcCjb0Tn6TE",
          "checksum": "ddfa41742bb25bef2cf111aaf6173d77"
        },
        {
          "type": "image",
          "assetId": "9huFfswUynGxCc",
          "checksum": "866293613f246ecac5640fbf63a8a687"
        },
        {
          "type": "image",
          "assetId": "LrLX108cUPAH92",
          "checksum": "37b44069f3590576126c8496007bedf2"
        },
        {
          "type": "image",
          "assetId": "w-NWM0McpJh91R",
          "checksum": "e302fb3f2c59af97c5071407bc60bea1"
        },
        {
          "type": "image",
          "assetId": "Lp2ebhWtve4GMi",
          "checksum": "0c010496f60e82a66d92dee58d67f4a9"
        },
        {
          "type": "image",
          "assetId": "43znIpaIq1pAOT",
          "checksum": "6909b6421bb2a1562bd4696fcdecb776"
        },
        {
          "type": "image",
          "assetId": "6k8uVg6Vdbo1ZJ",
          "checksum": "bb77911808e3610726b38999d3454551"
        },
        {
          "type": "image",
          "assetId": "cdpCFxkvmgPp7Q",
          "checksum": "f156de98c6da84f6790f18ce1942613a"
        },
        {
          "type": "image",
          "assetId": "QVObbLXesQREhn",
          "checksum": "2bb393219bf10646b4cbf4d7561f5592"
        },
        {
          "type": "image",
          "assetId": "wgSbRzjXeDAbOo",
          "checksum": "bb100d3eb23f24651f3cc9bb5ebdc552"
        },
        {
          "type": "image",
          "assetId": "RsD6DurGujenjj",
          "checksum": "2e6f51cfdca10928bb55a19569c1ad2d"
        },
        {
          "type": "image",
          "assetId": "R9pZd2lBqt0dDT",
          "checksum": "33325a7d9373590e17ca76d6af96357d"
        },
        {
          "type": "image",
          "assetId": "Gwlrygj4CUGGFf",
          "checksum": "65b224e49d1881226afc679652777fd1"
        },
        {
          "type": "image",
          "assetId": "MXTSoMkTEd5VQ7",
          "checksum": "9dc8147b362aca6db0df91138c962cbb"
        },
        {
          "type": "image",
          "assetId": "OD-AzGmVncUwnL",
          "checksum": "b88ce53fd5ed8c0cf132d84397269886"
        },
        {
          "type": "image",
          "assetId": "vZW1tHH2Ao0a7r",
          "checksum": "00d73096ddc450d37cfe38a5067498c0"
        },
        {
          "type": "image",
          "assetId": "5BTP8N_K1Pzpfn",
          "checksum": "e7dbe0e58459aadbfc13c05aa67cb0ce"
        },
        {
          "type": "image",
          "assetId": "E06AY4jK7sB4dR",
          "checksum": "d84897b112cba1a6acb42bb619886225"
        },
        {
          "type": "image",
          "assetId": "3GRBJqcuI5sLgT",
          "checksum": "3ca0e9773d68dc00689641613b633ae2"
        },
        {
          "type": "image",
          "assetId": "BvQkxnCApNjZVk",
          "checksum": "ac6265187e46978cb3a1710cb5c7a3f1"
        },
        {
          "type": "image",
          "assetId": "cDYKf3E3v8PDzE",
          "checksum": "03520c48ae353518c7191034e96f6a30"
        },
        {
          "type": "image",
          "assetId": "jPG3aZFXLYVLsh",
          "checksum": "1f02d7daf086c712b69e35bc7ff86279"
        },
        {
          "type": "image",
          "assetId": "GObAHr80ydfyBC",
          "checksum": "40c637a3566cc43513ef52f7ca467bc9"
        },
        {
          "type": "image",
          "assetId": "DDNy9JUkZGys1G",
          "checksum": "1a931ebdc9d37631b328a48377d6cd5b"
        },
        {
          "type": "image",
          "assetId": "38v0f-kBpSuE1P",
          "checksum": "d372097556c8d4b5f4d1b2f781aeceb4"
        },
        {
          "type": "image",
          "assetId": "DsUEUwJFClbmvk",
          "checksum": "b0a937a53c561ad1bf0670edb0097fea"
        },
        {
          "type": "image",
          "assetId": "EhvpPvvc6fB8gw",
          "checksum": "bbdcf86893aabe898b66cbeaeed12c09"
        },
        {
          "type": "image",
          "assetId": "pqB4cdraXVHYGV",
          "checksum": "4196f6d7d1e32270fc24f16acc339ccf"
        },
        {
          "type": "image",
          "assetId": "HFnspgaq32pS36",
          "checksum": "1a7025137d44a753e0375936b6893e9d"
        },
        {
          "type": "image",
          "assetId": "eOgFEFOE1cE5H1",
          "checksum": "caabe40247b604be6d23886c6e059731"
        },
        {
          "type": "image",
          "assetId": "b89Ou3wy74kf2C",
          "checksum": "41c65c68e3b35bd293770bb937876f80"
        },
        {
          "type": "image",
          "assetId": "uRezEoeqt6ZZ3m",
          "checksum": "7b21df5a3964325ddce6b1077b0d55b4"
        },
        {
          "type": "image",
          "assetId": "fTX3ii6imWxkJs",
          "checksum": "c792f4375806dd80a93322060f9d1796"
        },
        {
          "type": "image",
          "assetId": "fD76yPXHunD6b6",
          "checksum": "9ed8df06817c49aff0583f232c518d7b"
        },
        {
          "type": "image",
          "assetId": "e7xnbaX9qsBduz",
          "checksum": "663ce18118d0cd8021eee7fb089a57a3"
        },
        {
          "type": "image",
          "assetId": "fCripyATf8AtwY",
          "checksum": "22e112aba2cc77d8fb0a4db81051f1e9"
        },
        {
          "type": "image",
          "assetId": "DiHKuGpqadX8Ql",
          "checksum": "a0e9a224279e3c13a5c4bca017a4285a"
        },
        {
          "type": "image",
          "assetId": "10VAtJSBXVb3QP",
          "checksum": "356d94ef2fd506d18c7f6e549509e35c"
        },
        {
          "type": "image",
          "assetId": "glPgP0YKq9tQR1",
          "checksum": "5b76af8a6338ac6808672b9428210342"
        },
        {
          "type": "image",
          "assetId": "9PB7rsYwdyELL_",
          "checksum": "215a847850682068362b0d5e49cd6881"
        },
        {
          "type": "image",
          "assetId": "Rnu5RZXfdxVe2w",
          "checksum": "4f64081f75f2c3d8497287242f9a5f3c"
        },
        {
          "type": "image",
          "assetId": "3pzqyezeN1WbDB",
          "checksum": "29780faaa9e11b9976ea345a7332050e"
        },
        {
          "type": "image",
          "assetId": "wK1a4iq6IaW9kE",
          "checksum": "91f61a4ecc785419dd4e43d969cd36fc"
        },
        {
          "type": "image",
          "assetId": "jakhIi_jXGW3yM",
          "checksum": "5abea51ec480685c73d9fe4452c26db5"
        },
        {
          "type": "image",
          "assetId": "D9OZhYxjfnEOat",
          "checksum": "8e66e9bfbbfb6e58ea600e5c6c83c7bd"
        },
        {
          "type": "image",
          "assetId": "8tvVZNwLAPJlDV",
          "checksum": "b35ab12b684b8246c7e1a4cdbb96ed0e"
        },
        {
          "type": "image",
          "assetId": "DeEX17SHWbPdWz",
          "checksum": "93bff74658d33279e71109ec05e0f77a"
        },
        {
          "type": "image",
          "assetId": "FElbPuPFSiBCex",
          "checksum": "0a63047a2015a928314c3e2d26fa4c21"
        },
        {
          "type": "image",
          "assetId": "WfrGbE8Mq9kAkU",
          "checksum": "f9e1b1468df22ed8d928ff08e0435c20"
        },
        {
          "type": "image",
          "assetId": "9HfOWDBHdto_s8",
          "checksum": "56ad1408d8d4d8956ac6a39c62c1e2d6"
        },
        {
          "type": "image",
          "assetId": "eBYNMM1O9OugTc",
          "checksum": "725b107b69544e664e6f296fd4ae64bd"
        },
        {
          "type": "image",
          "assetId": "Og27Xy-g-aLYVb",
          "checksum": "c8620d5162554d1c88aca968263e3560"
        },
        {
          "type": "image",
          "assetId": "AJ575G2SBJal36",
          "checksum": "9d34bb7578374319c6029f468259330f"
        },
        {
          "type": "image",
          "assetId": "bZOQrDoDL36ngz",
          "checksum": "cf07abb259330c7cab95aa8600c3e3e6"
        },
        {
          "type": "image",
          "assetId": "ChLAKe5mst6Ec9",
          "checksum": "0e0efa73ab1a3f1bef14622ff5e60549"
        },
        {
          "type": "image",
          "assetId": "Aj5jGUAHBgMePo",
          "checksum": "befb4cfb02ed4b801f4921f4bd48c33d"
        },
        {
          "type": "image",
          "assetId": "ippuYzZDWngSMY",
          "checksum": "23184d2fc6d983e6f1311538f5b1d4f7"
        },
        {
          "type": "image",
          "assetId": "IGThl5b0Ytg-Cl",
          "checksum": "baa828fc6e7d0d6879da101f479c3a4c"
        },
        {
          "type": "image",
          "assetId": "EOaEGOklMx6yir",
          "checksum": "d5c140a8156137fecfaa3d74e6f0636d"
        },
        {
          "type": "image",
          "assetId": "KlwJNdsZPnmBxl",
          "checksum": "657fa9a8467af580a32cf0d878b7907d"
        },
        {
          "type": "image",
          "assetId": "1dwkdBXfgbeQvE",
          "checksum": "ff76d0262a7edaf6a1185a8beffe6771"
        },
        {
          "type": "image",
          "assetId": "kj3QXbqMy7DohE",
          "checksum": "9edade87f96aaa48e84607618a6c848a"
        },
        {
          "type": "image",
          "assetId": "JvX-agUI6YlNqx",
          "checksum": "2f9bd12d397e05b8beb61ab9f184d447"
        },
        {
          "type": "image",
          "assetId": "N5aVpT2AUNRGbn",
          "checksum": "8fa567e2147135d210d165ae34d07310"
        },
        {
          "type": "image",
          "assetId": "Hh3sy1sLUppgOz",
          "checksum": "c12b1e8c7ec47b5c7d39f27061a75868"
        },
        {
          "type": "image",
          "assetId": "w2pdStc5ausWzm",
          "checksum": "d3dc7f754a0862348b46889c2b0c96ce"
        },
        {
          "type": "image",
          "assetId": "KEwP2Wi4kupgn1",
          "checksum": "4ccde890c966501a00b408075ac9a068"
        },
        {
          "type": "image",
          "assetId": "qEjW_-yz4hCClF",
          "checksum": "cb4324d2e793dd09e8c67e1d62c8f5be"
        },
        {
          "type": "image",
          "assetId": "bbnzemjtLpK2tx",
          "checksum": "899d39b237ba17b78f0fca4ac1b2b161"
        },
        {
          "type": "image",
          "assetId": "ZYUniDPHV5I3QO",
          "checksum": "ab01228212d85a23228c7ec32f0b7b73"
        },
        {
          "type": "image",
          "assetId": "tGvQtC_Ghobujo",
          "checksum": "f750a414e4e4498a91b8fdfa3e378c5d"
        },
        {
          "type": "image",
          "assetId": "tq8AM4o50aIlPW",
          "checksum": "8e957356eceb8d24b0453cbc25a99e5a"
        },
        {
          "type": "image",
          "assetId": "fy9d6NmnT5-sgo",
          "checksum": "3af9b23aeeb966a988a575f3c7c0932e"
        },
        {
          "type": "image",
          "assetId": "YFh3uTWst1JZMP",
          "checksum": "e6123c259c0c070e6d00f7d449ef87a1"
        },
        {
          "type": "image",
          "assetId": "86hEetkebhTMGl",
          "checksum": "3cfc65329cdb1df4449a0b697244c320"
        },
        {
          "type": "image",
          "assetId": "QWEFg-azySZbE5",
          "checksum": "a1b6484f24d451c8b550e476028246d8"
        },
        {
          "type": "image",
          "assetId": "YoA9vqEankkr2d",
          "checksum": "d0c031dea703901b9c800a61b1740eb7"
        },
        {
          "type": "image",
          "assetId": "SqzT0v-5PQ336D",
          "checksum": "0ddddbfa36c6c95f8c028480fb497a0a"
        },
        {
          "type": "image",
          "assetId": "AcHqZMJeX7xlqC",
          "checksum": "4e3156554f8b8b4d01d7b81f416de289"
        },
        {
          "type": "image",
          "assetId": "F0DR4NceofvvTZ",
          "checksum": "76c1142b95f1c9eab30825fa76dbf3e6"
        },
        {
          "type": "image",
          "assetId": "WhMasvyYnuYl4w",
          "checksum": "b5d9492a599ffe0fc442a8f92c1a1529"
        },
        {
          "type": "image",
          "assetId": "NDEG29tMJ",
          "checksum": "c834db6b90d6c51b7c7db83a4c7ee1c1"
        },
        {
          "assetId": "aTC3q87SvYM316XzoAz9a2",
          "type": "projectCss",
          "checksum": "f608aada5e737211047e501a7f6016cb"
        }
      ],
      "codegenVersion": "0.0.1"
    }
  ],
  "cliVersion": "0.1.184"
}
